
Microsoft Visual Studio Solution File, Format Version 12.00
# Visual Studio Version 17
VisualStudioVersion = 17.3.32929.385
MinimumVisualStudioVersion = 10.0.40219.1
Project("{9A19103F-16F7-4668-BE54-9A1E7A4F7556}") = "Day1", "Day1\Day1.csproj", "{22B96297-0003-4C21-B2CA-4142896391D7}"
EndProject
Project("{9A19103F-16F7-4668-BE54-9A1E7A4F7556}") = "Day2", "Day2\Day2.csproj", "{E15415BE-E46B-479F-AF70-1D4092F53E07}"
EndProject
Project("{9A19103F-16F7-4668-BE54-9A1E7A4F7556}") = "Day3", "Day3\Day3.csproj", "{88E264F6-ADC9-492D-9DB7-26FBDD3BF8BC}"
EndProject
Project("{9A19103F-16F7-4668-BE54-9A1E7A4F7556}") = "Day4", "Day4\Day4.csproj", "{2F080086-6847-47D5-914C-5D7157C92209}"
EndProject
Project("{9A19103F-16F7-4668-BE54-9A1E7A4F7556}") = "Day5", "Day5\Day5.csproj", "{F9668B63-C732-4489-8F87-B8F23C6BACCE}"
EndProject
Project("{9A19103F-16F7-4668-BE54-9A1E7A4F7556}") = "Day6", "Day6\Day6.csproj", "{AE5D3A74-E7F2-4FEE-A7A2-0869E4FFB59B}"
EndProject
Project("{9A19103F-16F7-4668-BE54-9A1E7A4F7556}") = "Day7", "Day7\Day7.csproj", "{C5D0C86F-C45D-4827-A4F2-1D2BF36593AF}"
EndProject
Project("{9A19103F-16F7-4668-BE54-9A1E7A4F7556}") = "Day8", "Day8\Day8.csproj", "{E7325089-B068-436C-992C-CFBFE4007F05}"
EndProject
Project("{9A19103F-16F7-4668-BE54-9A1E7A4F7556}") = "Day9", "Day9\Day9.csproj", "{814A6D2C-C70B-40CC-B2B2-DCFDCAAE2502}"
EndProject
Project("{9A19103F-16F7-4668-BE54-9A1E7A4F7556}") = "Day10", "Day10\Day10.csproj", "{E5513389-D2D5-4051-BFE3-8BC1F566167C}"
EndProject
Project("{9A19103F-16F7-4668-BE54-9A1E7A4F7556}") = "Day11", "Day11\Day11.csproj", "{B55B4759-ADA6-4E8D-A419-0DA654978124}"
EndProject
Project("{9A19103F-16F7-4668-BE54-9A1E7A4F7556}") = "Day12", "Day12\Day12.csproj", "{77DB037B-F3BF-48C1-AB5E-216B34CD6B36}"
EndProject
Project("{9A19103F-16F7-4668-BE54-9A1E7A4F7556}") = "Day13", "Day13\Day13.csproj", "{E30ADB12-AE83-4929-954B-53F70D7568C4}"
EndProject
Project("{9A19103F-16F7-4668-BE54-9A1E7A4F7556}") = "Day14", "Day14\Day14.csproj", "{31928A0B-EF72-48F7-9626-F2A42147B4D5}"
EndProject
Project("{FAE04EC0-301F-11D3-BF4B-00C04F79EFBC}") = "Day15", "Day15\Day15.csproj", "{231C9AE6-543E-44CC-9D04-830AD649319E}"
EndProject
Global
	GlobalSection(SolutionConfigurationPlatforms) = preSolution
		Debug|Any CPU = Debug|Any CPU
		Release|Any CPU = Release|Any CPU
	EndGlobalSection
	GlobalSection(ProjectConfigurationPlatforms) = postSolution
		{22B96297-0003-4C21-B2CA-4142896391D7}.Debug|Any CPU.ActiveCfg = Debug|Any CPU
		{22B96297-0003-4C21-B2CA-4142896391D7}.Debug|Any CPU.Build.0 = Debug|Any CPU
		{22B96297-0003-4C21-B2CA-4142896391D7}.Release|Any CPU.ActiveCfg = Release|Any CPU
		{22B96297-0003-4C21-B2CA-4142896391D7}.Release|Any CPU.Build.0 = Release|Any CPU
		{E15415BE-E46B-479F-AF70-1D4092F53E07}.Debug|Any CPU.ActiveCfg = Debug|Any CPU
		{E15415BE-E46B-479F-AF70-1D4092F53E07}.Debug|Any CPU.Build.0 = Debug|Any CPU
		{E15415BE-E46B-479F-AF70-1D4092F53E07}.Release|Any CPU.ActiveCfg = Release|Any CPU
		{E15415BE-E46B-479F-AF70-1D4092F53E07}.Release|Any CPU.Build.0 = Release|Any CPU
		{88E264F6-ADC9-492D-9DB7-26FBDD3BF8BC}.Debug|Any CPU.ActiveCfg = Debug|Any CPU
		{88E264F6-ADC9-492D-9DB7-26FBDD3BF8BC}.Debug|Any CPU.Build.0 = Debug|Any CPU
		{88E264F6-ADC9-492D-9DB7-26FBDD3BF8BC}.Release|Any CPU.ActiveCfg = Release|Any CPU
		{88E264F6-ADC9-492D-9DB7-26FBDD3BF8BC}.Release|Any CPU.Build.0 = Release|Any CPU
		{2F080086-6847-47D5-914C-5D7157C92209}.Debug|Any CPU.ActiveCfg = Debug|Any CPU
		{2F080086-6847-47D5-914C-5D7157C92209}.Debug|Any CPU.Build.0 = Debug|Any CPU
		{2F080086-6847-47D5-914C-5D7157C92209}.Release|Any CPU.ActiveCfg = Release|Any CPU
		{2F080086-6847-47D5-914C-5D7157C92209}.Release|Any CPU.Build.0 = Release|Any CPU
		{F9668B63-C732-4489-8F87-B8F23C6BACCE}.Debug|Any CPU.ActiveCfg = Debug|Any CPU
		{F9668B63-C732-4489-8F87-B8F23C6BACCE}.Debug|Any CPU.Build.0 = Debug|Any CPU
		{F9668B63-C732-4489-8F87-B8F23C6BACCE}.Release|Any CPU.ActiveCfg = Release|Any CPU
		{F9668B63-C732-4489-8F87-B8F23C6BACCE}.Release|Any CPU.Build.0 = Release|Any CPU
		{AE5D3A74-E7F2-4FEE-A7A2-0869E4FFB59B}.Debug|Any CPU.ActiveCfg = Debug|Any CPU
		{AE5D3A74-E7F2-4FEE-A7A2-0869E4FFB59B}.Debug|Any CPU.Build.0 = Debug|Any CPU
		{AE5D3A74-E7F2-4FEE-A7A2-0869E4FFB59B}.Release|Any CPU.ActiveCfg = Release|Any CPU
		{AE5D3A74-E7F2-4FEE-A7A2-0869E4FFB59B}.Release|Any CPU.Build.0 = Release|Any CPU
		{C5D0C86F-C45D-4827-A4F2-1D2BF36593AF}.Debug|Any CPU.ActiveCfg = Debug|Any CPU
		{C5D0C86F-C45D-4827-A4F2-1D2BF36593AF}.Debug|Any CPU.Build.0 = Debug|Any CPU
		{C5D0C86F-C45D-4827-A4F2-1D2BF36593AF}.Release|Any CPU.ActiveCfg = Release|Any CPU
		{C5D0C86F-C45D-4827-A4F2-1D2BF36593AF}.Release|Any CPU.Build.0 = Release|Any CPU
		{E7325089-B068-436C-992C-CFBFE4007F05}.Debug|Any CPU.ActiveCfg = Debug|Any CPU
		{E7325089-B068-436C-992C-CFBFE4007F05}.Debug|Any CPU.Build.0 = Debug|Any CPU
		{E7325089-B068-436C-992C-CFBFE4007F05}.Release|Any CPU.ActiveCfg = Release|Any CPU
		{E7325089-B068-436C-992C-CFBFE4007F05}.Release|Any CPU.Build.0 = Release|Any CPU
		{814A6D2C-C70B-40CC-B2B2-DCFDCAAE2502}.Debug|Any CPU.ActiveCfg = Debug|Any CPU
		{814A6D2C-C70B-40CC-B2B2-DCFDCAAE2502}.Debug|Any CPU.Build.0 = Debug|Any CPU
		{814A6D2C-C70B-40CC-B2B2-DCFDCAAE2502}.Release|Any CPU.ActiveCfg = Release|Any CPU
		{814A6D2C-C70B-40CC-B2B2-DCFDCAAE2502}.Release|Any CPU.Build.0 = Release|Any CPU
		{E5513389-D2D5-4051-BFE3-8BC1F566167C}.Debug|Any CPU.ActiveCfg = Debug|Any CPU
		{E5513389-D2D5-4051-BFE3-8BC1F566167C}.Debug|Any CPU.Build.0 = Debug|Any CPU
		{E5513389-D2D5-4051-BFE3-8BC1F566167C}.Release|Any CPU.ActiveCfg = Release|Any CPU
		{E5513389-D2D5-4051-BFE3-8BC1F566167C}.Release|Any CPU.Build.0 = Release|Any CPU
		{B55B4759-ADA6-4E8D-A419-0DA654978124}.Debug|Any CPU.ActiveCfg = Debug|Any CPU
		{B55B4759-ADA6-4E8D-A419-0DA654978124}.Debug|Any CPU.Build.0 = Debug|Any CPU
		{B55B4759-ADA6-4E8D-A419-0DA654978124}.Release|Any CPU.ActiveCfg = Release|Any CPU
		{B55B4759-ADA6-4E8D-A419-0DA654978124}.Release|Any CPU.Build.0 = Release|Any CPU
		{77DB037B-F3BF-48C1-AB5E-216B34CD6B36}.Debug|Any CPU.ActiveCfg = Debug|Any CPU
		{77DB037B-F3BF-48C1-AB5E-216B34CD6B36}.Debug|Any CPU.Build.0 = Debug|Any CPU
		{77DB037B-F3BF-48C1-AB5E-216B34CD6B36}.Release|Any CPU.ActiveCfg = Release|Any CPU
		{77DB037B-F3BF-48C1-AB5E-216B34CD6B36}.Release|Any CPU.Build.0 = Release|Any CPU
		{E30ADB12-AE83-4929-954B-53F70D7568C4}.Debug|Any CPU.ActiveCfg = Debug|Any CPU
		{E30ADB12-AE83-4929-954B-53F70D7568C4}.Debug|Any CPU.Build.0 = Debug|Any CPU
		{E30ADB12-AE83-4929-954B-53F70D7568C4}.Release|Any CPU.ActiveCfg = Release|Any CPU
		{E30ADB12-AE83-4929-954B-53F70D7568C4}.Release|Any CPU.Build.0 = Release|Any CPU
		{31928A0B-EF72-48F7-9626-F2A42147B4D5}.Debug|Any CPU.ActiveCfg = Debug|Any CPU
		{31928A0B-EF72-48F7-9626-F2A42147B4D5}.Debug|Any CPU.Build.0 = Debug|Any CPU
		{31928A0B-EF72-48F7-9626-F2A42147B4D5}.Release|Any CPU.ActiveCfg = Release|Any CPU
		{31928A0B-EF72-48F7-9626-F2A42147B4D5}.Release|Any CPU.Build.0 = Release|Any CPU
		{231C9AE6-543E-44CC-9D04-830AD649319E}.Debug|Any CPU.ActiveCfg = Debug|Any CPU
		{231C9AE6-543E-44CC-9D04-830AD649319E}.Debug|Any CPU.Build.0 = Debug|Any CPU
		{231C9AE6-543E-44CC-9D04-830AD649319E}.Release|Any CPU.ActiveCfg = Release|Any CPU
		{231C9AE6-543E-44CC-9D04-830AD649319E}.Release|Any CPU.Build.0 = Release|Any CPU
	EndGlobalSection
	GlobalSection(SolutionProperties) = preSolution
		HideSolutionNode = FALSE
	EndGlobalSection
	GlobalSection(ExtensibilityGlobals) = postSolution
		SolutionGuid = {98B91B39-9882-4F15-872D-11EF1CD5C72B}
	EndGlobalSection
EndGlobal
