
Microsoft Visual Studio Solution File, Format Version 12.00
# Visual Studio Version 17
VisualStudioVersion = 17.3.32929.385
MinimumVisualStudioVersion = 10.0.40219.1
Project("{9A19103F-16F7-4668-BE54-9A1E7A4F7556}") = "Day1", "Day1\Day1.csproj", "{22B96297-0003-4C21-B2CA-4142896391D7}"
EndProject
Project("{9A19103F-16F7-4668-BE54-9A1E7A4F7556}") = "Day2", "Day2\Day2.csproj", "{E15415BE-E46B-479F-AF70-1D4092F53E07}"
EndProject
Project("{9A19103F-16F7-4668-BE54-9A1E7A4F7556}") = "Day3", "Day3\Day3.csproj", "{88E264F6-ADC9-492D-9DB7-26FBDD3BF8BC}"
EndProject
Project("{9A19103F-16F7-4668-BE54-9A1E7A4F7556}") = "Day4", "Day4\Day4.csproj", "{2F080086-6847-47D5-914C-5D7157C92209}"
EndProject
Project("{FAE04EC0-301F-11D3-BF4B-00C04F79EFBC}") = "Day5", "Day5\Day5.csproj", "{F9668B63-C732-4489-8F87-B8F23C6BACCE}"
EndProject
Global
	GlobalSection(SolutionConfigurationPlatforms) = preSolution
		Debug|Any CPU = Debug|Any CPU
		Release|Any CPU = Release|Any CPU
	EndGlobalSection
	GlobalSection(ProjectConfigurationPlatforms) = postSolution
		{22B96297-0003-4C21-B2CA-4142896391D7}.Debug|Any CPU.ActiveCfg = Debug|Any CPU
		{22B96297-0003-4C21-B2CA-4142896391D7}.Debug|Any CPU.Build.0 = Debug|Any CPU
		{22B96297-0003-4C21-B2CA-4142896391D7}.Release|Any CPU.ActiveCfg = Release|Any CPU
		{22B96297-0003-4C21-B2CA-4142896391D7}.Release|Any CPU.Build.0 = Release|Any CPU
		{E15415BE-E46B-479F-AF70-1D4092F53E07}.Debug|Any CPU.ActiveCfg = Debug|Any CPU
		{E15415BE-E46B-479F-AF70-1D4092F53E07}.Debug|Any CPU.Build.0 = Debug|Any CPU
		{E15415BE-E46B-479F-AF70-1D4092F53E07}.Release|Any CPU.ActiveCfg = Release|Any CPU
		{E15415BE-E46B-479F-AF70-1D4092F53E07}.Release|Any CPU.Build.0 = Release|Any CPU
		{88E264F6-ADC9-492D-9DB7-26FBDD3BF8BC}.Debug|Any CPU.ActiveCfg = Debug|Any CPU
		{88E264F6-ADC9-492D-9DB7-26FBDD3BF8BC}.Debug|Any CPU.Build.0 = Debug|Any CPU
		{88E264F6-ADC9-492D-9DB7-26FBDD3BF8BC}.Release|Any CPU.ActiveCfg = Release|Any CPU
		{88E264F6-ADC9-492D-9DB7-26FBDD3BF8BC}.Release|Any CPU.Build.0 = Release|Any CPU
		{2F080086-6847-47D5-914C-5D7157C92209}.Debug|Any CPU.ActiveCfg = Debug|Any CPU
		{2F080086-6847-47D5-914C-5D7157C92209}.Debug|Any CPU.Build.0 = Debug|Any CPU
		{2F080086-6847-47D5-914C-5D7157C92209}.Release|Any CPU.ActiveCfg = Release|Any CPU
		{2F080086-6847-47D5-914C-5D7157C92209}.Release|Any CPU.Build.0 = Release|Any CPU
		{F9668B63-C732-4489-8F87-B8F23C6BACCE}.Debug|Any CPU.ActiveCfg = Debug|Any CPU
		{F9668B63-C732-4489-8F87-B8F23C6BACCE}.Debug|Any CPU.Build.0 = Debug|Any CPU
		{F9668B63-C732-4489-8F87-B8F23C6BACCE}.Release|Any CPU.ActiveCfg = Release|Any CPU
		{F9668B63-C732-4489-8F87-B8F23C6BACCE}.Release|Any CPU.Build.0 = Release|Any CPU
	EndGlobalSection
	GlobalSection(SolutionProperties) = preSolution
		HideSolutionNode = FALSE
	EndGlobalSection
	GlobalSection(ExtensibilityGlobals) = postSolution
		SolutionGuid = {98B91B39-9882-4F15-872D-11EF1CD5C72B}
	EndGlobalSection
EndGlobal
